
Microsoft Visual Studio Solution File, Format Version 12.00
# Visual Studio Version 17
VisualStudioVersion = 17.0.31903.59
MinimumVisualStudioVersion = 10.0.40219.1
Project("{FAE04EC0-301F-11D3-BF4B-00C04F79EFBC}") = "Server", "Server.csproj", "{C3028C4D-95AF-4BE4-9DAB-9333F8894F92}"
EndProject
Global
	GlobalSection(SolutionConfigurationPlatforms) = preSolution
		Debug|Any CPU = Debug|Any CPU
		Release|Any CPU = Release|Any CPU
	EndGlobalSection
	GlobalSection(ProjectConfigurationPlatforms) = postSolution
		{C3028C4D-95AF-4BE4-9DAB-9333F8894F92}.Debug|Any CPU.ActiveCfg = Debug|Any CPU
		{C3028C4D-95AF-4BE4-9DAB-9333F8894F92}.Debug|Any CPU.Build.0 = Debug|Any CPU
		{C3028C4D-95AF-4BE4-9DAB-9333F8894F92}.Release|Any CPU.ActiveCfg = Release|Any CPU
		{C3028C4D-95AF-4BE4-9DAB-9333F8894F92}.Release|Any CPU.Build.0 = Release|Any CPU
	EndGlobalSection
	GlobalSection(SolutionProperties) = preSolution
		HideSolutionNode = FALSE
	EndGlobalSection
	GlobalSection(ExtensibilityGlobals) = postSolution
		SolutionGuid = {14FE47E2-91B3-405A-9BD6-D680CEB058A4}
	EndGlobalSection
EndGlobal
